// !$*UTF8*$!
{
	archiveVersion = 1;
	classes = {
	};
	objectVersion = 56;
	objects = {

/* Begin PBXBuildFile section */
		4420F112294EBDB600719C32 /* TimerView.swift in Sources */ = {isa = PBXBuildFile; fileRef = 4420F111294EBDB600719C32 /* TimerView.swift */; };
		443641FE294850C400E03A90 /* RootView.swift in Sources */ = {isa = PBXBuildFile; fileRef = 443641FD294850C400E03A90 /* RootView.swift */; };
		4465663C29551D1600BA31B0 /* AdaptiveStack.swift in Sources */ = {isa = PBXBuildFile; fileRef = 4465663B29551D1600BA31B0 /* AdaptiveStack.swift */; };
		4465663F29552D1D00BA31B0 /* AgeCalculatorView.swift in Sources */ = {isa = PBXBuildFile; fileRef = 4465663E29552D1D00BA31B0 /* AgeCalculatorView.swift */; };
		446566422955667000BA31B0 /* DateCalculatorView.swift in Sources */ = {isa = PBXBuildFile; fileRef = 446566412955667000BA31B0 /* DateCalculatorView.swift */; };
		446AE4AD295113DA00878647 /* CountdownPicker.swift in Sources */ = {isa = PBXBuildFile; fileRef = 446AE4AC295113DA00878647 /* CountdownPicker.swift */; };
		446AE4B1295416DC00878647 /* CountdownView.swift in Sources */ = {isa = PBXBuildFile; fileRef = 446AE4B0295416DC00878647 /* CountdownView.swift */; };
		446AE4B32954BD0A00878647 /* TimerModel.swift in Sources */ = {isa = PBXBuildFile; fileRef = 446AE4B22954BD0A00878647 /* TimerModel.swift */; };
		446E6DFC2956512B000CA0A1 /* GaugeProgressStyle.swift in Sources */ = {isa = PBXBuildFile; fileRef = 446E6DFB2956512B000CA0A1 /* GaugeProgressStyle.swift */; };
		446E6DFE295671D4000CA0A1 /* Colors.xcassets in Resources */ = {isa = PBXBuildFile; fileRef = 446E6DFD295671D4000CA0A1 /* Colors.xcassets */; };
		446E6E0029567305000CA0A1 /* Theming.swift in Sources */ = {isa = PBXBuildFile; fileRef = 446E6DFF29567305000CA0A1 /* Theming.swift */; };
		446E6E03295677E2000CA0A1 /* SettingsView.swift in Sources */ = {isa = PBXBuildFile; fileRef = 446E6E02295677E2000CA0A1 /* SettingsView.swift */; };
		446E6E0529569EDE000CA0A1 /* AboutView.swift in Sources */ = {isa = PBXBuildFile; fileRef = 446E6E0429569EDE000CA0A1 /* AboutView.swift */; };
		446E6E072956BF77000CA0A1 /* AppSettings.swift in Sources */ = {isa = PBXBuildFile; fileRef = 446E6E062956BF77000CA0A1 /* AppSettings.swift */; };
		447BBE432947BAEC002D4DCA /* SLPToolboxApp.swift in Sources */ = {isa = PBXBuildFile; fileRef = 447BBE422947BAEC002D4DCA /* SLPToolboxApp.swift */; };
		447BBE452947BAEC002D4DCA /* DataTrackView.swift in Sources */ = {isa = PBXBuildFile; fileRef = 447BBE442947BAEC002D4DCA /* DataTrackView.swift */; };
		447BBE472947BAEF002D4DCA /* Assets.xcassets in Resources */ = {isa = PBXBuildFile; fileRef = 447BBE462947BAEF002D4DCA /* Assets.xcassets */; };
		447BBE4A2947BAEF002D4DCA /* Preview Assets.xcassets in Resources */ = {isa = PBXBuildFile; fileRef = 447BBE492947BAEF002D4DCA /* Preview Assets.xcassets */; };
		447BBE4C2947BAEF002D4DCA /* Persistence.swift in Sources */ = {isa = PBXBuildFile; fileRef = 447BBE4B2947BAEF002D4DCA /* Persistence.swift */; };
		447BBE4F2947BAEF002D4DCA /* SLPToolbox.xcdatamodeld in Sources */ = {isa = PBXBuildFile; fileRef = 447BBE4D2947BAEF002D4DCA /* SLPToolbox.xcdatamodeld */; };
		447BBE572947C35F002D4DCA /* HelperExtensions.swift in Sources */ = {isa = PBXBuildFile; fileRef = 447BBE562947C35F002D4DCA /* HelperExtensions.swift */; };
		447BBE592947D543002D4DCA /* DataRowCellView.swift in Sources */ = {isa = PBXBuildFile; fileRef = 447BBE582947D543002D4DCA /* DataRowCellView.swift */; };
		44BB033D295A6C8C00CE1E31 /* WidgetKit.framework in Frameworks */ = {isa = PBXBuildFile; fileRef = 44BB033C295A6C8C00CE1E31 /* WidgetKit.framework */; };
		44BB033F295A6C8C00CE1E31 /* SwiftUI.framework in Frameworks */ = {isa = PBXBuildFile; fileRef = 44BB033E295A6C8C00CE1E31 /* SwiftUI.framework */; };
		44BB0342295A6C8C00CE1E31 /* TimerBundle.swift in Sources */ = {isa = PBXBuildFile; fileRef = 44BB0341295A6C8C00CE1E31 /* TimerBundle.swift */; };
		44BB0344295A6C8C00CE1E31 /* TimerLiveActivity.swift in Sources */ = {isa = PBXBuildFile; fileRef = 44BB0343295A6C8C00CE1E31 /* TimerLiveActivity.swift */; };
		44BB0346295A6C8C00CE1E31 /* Timer.swift in Sources */ = {isa = PBXBuildFile; fileRef = 44BB0345295A6C8C00CE1E31 /* Timer.swift */; };
		44BB0349295A6C8E00CE1E31 /* Assets.xcassets in Resources */ = {isa = PBXBuildFile; fileRef = 44BB0348295A6C8E00CE1E31 /* Assets.xcassets */; };
		44BB034B295A6C8E00CE1E31 /* Timer.intentdefinition in Sources */ = {isa = PBXBuildFile; fileRef = 44BB0347295A6C8C00CE1E31 /* Timer.intentdefinition */; };
		44BB034C295A6C8E00CE1E31 /* Timer.intentdefinition in Sources */ = {isa = PBXBuildFile; fileRef = 44BB0347295A6C8C00CE1E31 /* Timer.intentdefinition */; };
		44BB034F295A6C8E00CE1E31 /* TimerExtension.appex in Embed Foundation Extensions */ = {isa = PBXBuildFile; fileRef = 44BB033A295A6C8C00CE1E31 /* TimerExtension.appex */; settings = {ATTRIBUTES = (RemoveHeadersOnCopy, ); }; };
		44BB035C295E970C00CE1E31 /* AppState.swift in Sources */ = {isa = PBXBuildFile; fileRef = 44BB035B295E970C00CE1E31 /* AppState.swift */; };
		44BB035E2962186400CE1E31 /* StoredCodable.swift in Sources */ = {isa = PBXBuildFile; fileRef = 44BB035D2962186400CE1E31 /* StoredCodable.swift */; };
/* End PBXBuildFile section */

/* Begin PBXContainerItemProxy section */
		44BB034D295A6C8E00CE1E31 /* PBXContainerItemProxy */ = {
			isa = PBXContainerItemProxy;
			containerPortal = 447BBE372947BAEC002D4DCA /* Project object */;
			proxyType = 1;
			remoteGlobalIDString = 44BB0339295A6C8C00CE1E31;
			remoteInfo = TimerExtension;
		};
/* End PBXContainerItemProxy section */

/* Begin PBXCopyFilesBuildPhase section */
		44BB0350295A6C8E00CE1E31 /* Embed Foundation Extensions */ = {
			isa = PBXCopyFilesBuildPhase;
			buildActionMask = 2147483647;
			dstPath = "";
			dstSubfolderSpec = 13;
			files = (
				44BB034F295A6C8E00CE1E31 /* TimerExtension.appex in Embed Foundation Extensions */,
			);
			name = "Embed Foundation Extensions";
			runOnlyForDeploymentPostprocessing = 0;
		};
/* End PBXCopyFilesBuildPhase section */

/* Begin PBXFileReference section */
		4420F111294EBDB600719C32 /* TimerView.swift */ = {isa = PBXFileReference; lastKnownFileType = sourcecode.swift; path = TimerView.swift; sourceTree = "<group>"; };
		443641FD294850C400E03A90 /* RootView.swift */ = {isa = PBXFileReference; lastKnownFileType = sourcecode.swift; path = RootView.swift; sourceTree = "<group>"; };
		4465663B29551D1600BA31B0 /* AdaptiveStack.swift */ = {isa = PBXFileReference; lastKnownFileType = sourcecode.swift; path = AdaptiveStack.swift; sourceTree = "<group>"; };
		4465663E29552D1D00BA31B0 /* AgeCalculatorView.swift */ = {isa = PBXFileReference; lastKnownFileType = sourcecode.swift; path = AgeCalculatorView.swift; sourceTree = "<group>"; };
		446566412955667000BA31B0 /* DateCalculatorView.swift */ = {isa = PBXFileReference; lastKnownFileType = sourcecode.swift; path = DateCalculatorView.swift; sourceTree = "<group>"; };
		446AE4AC295113DA00878647 /* CountdownPicker.swift */ = {isa = PBXFileReference; lastKnownFileType = sourcecode.swift; path = CountdownPicker.swift; sourceTree = "<group>"; };
		446AE4B0295416DC00878647 /* CountdownView.swift */ = {isa = PBXFileReference; lastKnownFileType = sourcecode.swift; path = CountdownView.swift; sourceTree = "<group>"; };
		446AE4B22954BD0A00878647 /* TimerModel.swift */ = {isa = PBXFileReference; lastKnownFileType = sourcecode.swift; path = TimerModel.swift; sourceTree = "<group>"; };
		446E6DF929562CDD000CA0A1 /* SLPToolbox.entitlements */ = {isa = PBXFileReference; lastKnownFileType = text.plist.entitlements; path = SLPToolbox.entitlements; sourceTree = "<group>"; };
		446E6DFB2956512B000CA0A1 /* GaugeProgressStyle.swift */ = {isa = PBXFileReference; lastKnownFileType = sourcecode.swift; path = GaugeProgressStyle.swift; sourceTree = "<group>"; };
		446E6DFD295671D4000CA0A1 /* Colors.xcassets */ = {isa = PBXFileReference; lastKnownFileType = folder.assetcatalog; path = Colors.xcassets; sourceTree = "<group>"; };
		446E6DFF29567305000CA0A1 /* Theming.swift */ = {isa = PBXFileReference; lastKnownFileType = sourcecode.swift; path = Theming.swift; sourceTree = "<group>"; };
		446E6E02295677E2000CA0A1 /* SettingsView.swift */ = {isa = PBXFileReference; lastKnownFileType = sourcecode.swift; path = SettingsView.swift; sourceTree = "<group>"; };
		446E6E0429569EDE000CA0A1 /* AboutView.swift */ = {isa = PBXFileReference; lastKnownFileType = sourcecode.swift; path = AboutView.swift; sourceTree = "<group>"; };
		446E6E062956BF77000CA0A1 /* AppSettings.swift */ = {isa = PBXFileReference; lastKnownFileType = sourcecode.swift; path = AppSettings.swift; sourceTree = "<group>"; };
		447BBE3F2947BAEC002D4DCA /* SLPToolbox.app */ = {isa = PBXFileReference; explicitFileType = wrapper.application; includeInIndex = 0; path = SLPToolbox.app; sourceTree = BUILT_PRODUCTS_DIR; };
		447BBE422947BAEC002D4DCA /* SLPToolboxApp.swift */ = {isa = PBXFileReference; lastKnownFileType = sourcecode.swift; path = SLPToolboxApp.swift; sourceTree = "<group>"; };
		447BBE442947BAEC002D4DCA /* DataTrackView.swift */ = {isa = PBXFileReference; lastKnownFileType = sourcecode.swift; path = DataTrackView.swift; sourceTree = "<group>"; };
		447BBE462947BAEF002D4DCA /* Assets.xcassets */ = {isa = PBXFileReference; lastKnownFileType = folder.assetcatalog; path = Assets.xcassets; sourceTree = "<group>"; };
		447BBE492947BAEF002D4DCA /* Preview Assets.xcassets */ = {isa = PBXFileReference; lastKnownFileType = folder.assetcatalog; path = "Preview Assets.xcassets"; sourceTree = "<group>"; };
		447BBE4B2947BAEF002D4DCA /* Persistence.swift */ = {isa = PBXFileReference; lastKnownFileType = sourcecode.swift; path = Persistence.swift; sourceTree = "<group>"; };
		447BBE4E2947BAEF002D4DCA /* SimpleTx.xcdatamodel */ = {isa = PBXFileReference; lastKnownFileType = wrapper.xcdatamodel; path = SimpleTx.xcdatamodel; sourceTree = "<group>"; };
		447BBE502947BAEF002D4DCA /* Info.plist */ = {isa = PBXFileReference; lastKnownFileType = text.plist.xml; path = Info.plist; sourceTree = "<group>"; };
		447BBE562947C35F002D4DCA /* HelperExtensions.swift */ = {isa = PBXFileReference; lastKnownFileType = sourcecode.swift; path = HelperExtensions.swift; sourceTree = "<group>"; };
		447BBE582947D543002D4DCA /* DataRowCellView.swift */ = {isa = PBXFileReference; lastKnownFileType = sourcecode.swift; path = DataRowCellView.swift; sourceTree = "<group>"; };
		448A3317294D7A6500403669 /* DataTracksListView.swift */ = {isa = PBXFileReference; lastKnownFileType = sourcecode.swift; path = DataTracksListView.swift; sourceTree = "<group>"; };
		44BB033A295A6C8C00CE1E31 /* TimerExtension.appex */ = {isa = PBXFileReference; explicitFileType = "wrapper.app-extension"; includeInIndex = 0; path = TimerExtension.appex; sourceTree = BUILT_PRODUCTS_DIR; };
		44BB033C295A6C8C00CE1E31 /* WidgetKit.framework */ = {isa = PBXFileReference; lastKnownFileType = wrapper.framework; name = WidgetKit.framework; path = System/Library/Frameworks/WidgetKit.framework; sourceTree = SDKROOT; };
		44BB033E295A6C8C00CE1E31 /* SwiftUI.framework */ = {isa = PBXFileReference; lastKnownFileType = wrapper.framework; name = SwiftUI.framework; path = System/Library/Frameworks/SwiftUI.framework; sourceTree = SDKROOT; };
		44BB0341295A6C8C00CE1E31 /* TimerBundle.swift */ = {isa = PBXFileReference; lastKnownFileType = sourcecode.swift; path = TimerBundle.swift; sourceTree = "<group>"; };
		44BB0343295A6C8C00CE1E31 /* TimerLiveActivity.swift */ = {isa = PBXFileReference; lastKnownFileType = sourcecode.swift; path = TimerLiveActivity.swift; sourceTree = "<group>"; };
		44BB0345295A6C8C00CE1E31 /* Timer.swift */ = {isa = PBXFileReference; lastKnownFileType = sourcecode.swift; path = Timer.swift; sourceTree = "<group>"; };
		44BB0347295A6C8C00CE1E31 /* Timer.intentdefinition */ = {isa = PBXFileReference; lastKnownFileType = file.intentdefinition; path = Timer.intentdefinition; sourceTree = "<group>"; };
		44BB0348295A6C8E00CE1E31 /* Assets.xcassets */ = {isa = PBXFileReference; lastKnownFileType = folder.assetcatalog; path = Assets.xcassets; sourceTree = "<group>"; };
		44BB034A295A6C8E00CE1E31 /* Info.plist */ = {isa = PBXFileReference; lastKnownFileType = text.plist.xml; path = Info.plist; sourceTree = "<group>"; };
		44BB035B295E970C00CE1E31 /* AppState.swift */ = {isa = PBXFileReference; lastKnownFileType = sourcecode.swift; path = AppState.swift; sourceTree = "<group>"; };
		44BB035D2962186400CE1E31 /* StoredCodable.swift */ = {isa = PBXFileReference; lastKnownFileType = sourcecode.swift; path = StoredCodable.swift; sourceTree = "<group>"; };
/* End PBXFileReference section */

/* Begin PBXFrameworksBuildPhase section */
		447BBE3C2947BAEC002D4DCA /* Frameworks */ = {
			isa = PBXFrameworksBuildPhase;
			buildActionMask = 2147483647;
			files = (
			);
			runOnlyForDeploymentPostprocessing = 0;
		};
		44BB0337295A6C8C00CE1E31 /* Frameworks */ = {
			isa = PBXFrameworksBuildPhase;
			buildActionMask = 2147483647;
			files = (
				44BB033F295A6C8C00CE1E31 /* SwiftUI.framework in Frameworks */,
				44BB033D295A6C8C00CE1E31 /* WidgetKit.framework in Frameworks */,
			);
			runOnlyForDeploymentPostprocessing = 0;
		};
/* End PBXFrameworksBuildPhase section */

/* Begin PBXGroup section */
		4465663D29552D0100BA31B0 /* Age Calculator */ = {
			isa = PBXGroup;
			children = (
				4465663E29552D1D00BA31B0 /* AgeCalculatorView.swift */,
			);
			path = "Age Calculator";
			sourceTree = "<group>";
		};
		446566402955665B00BA31B0 /* Date Calculator */ = {
			isa = PBXGroup;
			children = (
				446566412955667000BA31B0 /* DateCalculatorView.swift */,
			);
			path = "Date Calculator";
			sourceTree = "<group>";
		};
		446A2816294D8E7C00DD14E4 /* UnusedViews */ = {
			isa = PBXGroup;
			children = (
				4465663B29551D1600BA31B0 /* AdaptiveStack.swift */,
				448A3317294D7A6500403669 /* DataTracksListView.swift */,
			);
			path = UnusedViews;
			sourceTree = "<group>";
		};
		446AE4AE2953D85700878647 /* Data Tracker */ = {
			isa = PBXGroup;
			children = (
				447BBE442947BAEC002D4DCA /* DataTrackView.swift */,
				447BBE582947D543002D4DCA /* DataRowCellView.swift */,
			);
			path = "Data Tracker";
			sourceTree = "<group>";
		};
		446AE4AF2953D86200878647 /* Timer */ = {
			isa = PBXGroup;
			children = (
				4420F111294EBDB600719C32 /* TimerView.swift */,
				446AE4AC295113DA00878647 /* CountdownPicker.swift */,
				446AE4B0295416DC00878647 /* CountdownView.swift */,
				446AE4B22954BD0A00878647 /* TimerModel.swift */,
			);
			path = Timer;
			sourceTree = "<group>";
		};
		446E6DFA29565110000CA0A1 /* Utilities */ = {
			isa = PBXGroup;
			children = (
				447BBE562947C35F002D4DCA /* HelperExtensions.swift */,
				446E6DFB2956512B000CA0A1 /* GaugeProgressStyle.swift */,
				446E6DFF29567305000CA0A1 /* Theming.swift */,
				44BB035D2962186400CE1E31 /* StoredCodable.swift */,
			);
			path = Utilities;
			sourceTree = "<group>";
		};
		446E6E01295677D4000CA0A1 /* Settings */ = {
			isa = PBXGroup;
			children = (
				446E6E062956BF77000CA0A1 /* AppSettings.swift */,
				446E6E02295677E2000CA0A1 /* SettingsView.swift */,
				446E6E0429569EDE000CA0A1 /* AboutView.swift */,
			);
			path = Settings;
			sourceTree = "<group>";
		};
		447BBE362947BAEC002D4DCA = {
			isa = PBXGroup;
			children = (
				447BBE412947BAEC002D4DCA /* SLPToolbox */,
				44BB0340295A6C8C00CE1E31 /* Timer Activity */,
				44BB033B295A6C8C00CE1E31 /* Frameworks */,
				447BBE402947BAEC002D4DCA /* Products */,
			);
			sourceTree = "<group>";
		};
		447BBE402947BAEC002D4DCA /* Products */ = {
			isa = PBXGroup;
			children = (
				447BBE3F2947BAEC002D4DCA /* SLPToolbox.app */,
				44BB033A295A6C8C00CE1E31 /* TimerExtension.appex */,
			);
			name = Products;
			sourceTree = "<group>";
		};
		447BBE412947BAEC002D4DCA /* SLPToolbox */ = {
			isa = PBXGroup;
			children = (
				446E6DF929562CDD000CA0A1 /* SLPToolbox.entitlements */,
				446A2816294D8E7C00DD14E4 /* UnusedViews */,
				446E6DFA29565110000CA0A1 /* Utilities */,
				447BBE422947BAEC002D4DCA /* SLPToolboxApp.swift */,
				44BB035B295E970C00CE1E31 /* AppState.swift */,
				443641FD294850C400E03A90 /* RootView.swift */,
				446E6DFD295671D4000CA0A1 /* Colors.xcassets */,
				446AE4AE2953D85700878647 /* Data Tracker */,
				446AE4AF2953D86200878647 /* Timer */,
				4465663D29552D0100BA31B0 /* Age Calculator */,
				446566402955665B00BA31B0 /* Date Calculator */,
				446E6E01295677D4000CA0A1 /* Settings */,
				447BBE462947BAEF002D4DCA /* Assets.xcassets */,
				447BBE4B2947BAEF002D4DCA /* Persistence.swift */,
				447BBE502947BAEF002D4DCA /* Info.plist */,
				447BBE4D2947BAEF002D4DCA /* SLPToolbox.xcdatamodeld */,
				447BBE482947BAEF002D4DCA /* Preview Content */,
			);
			path = SLPToolbox;
			sourceTree = "<group>";
		};
		447BBE482947BAEF002D4DCA /* Preview Content */ = {
			isa = PBXGroup;
			children = (
				447BBE492947BAEF002D4DCA /* Preview Assets.xcassets */,
			);
			path = "Preview Content";
			sourceTree = "<group>";
		};
		44BB033B295A6C8C00CE1E31 /* Frameworks */ = {
			isa = PBXGroup;
			children = (
				44BB033C295A6C8C00CE1E31 /* WidgetKit.framework */,
				44BB033E295A6C8C00CE1E31 /* SwiftUI.framework */,
			);
			name = Frameworks;
			sourceTree = "<group>";
		};
		44BB0340295A6C8C00CE1E31 /* Timer Activity */ = {
			isa = PBXGroup;
			children = (
				44BB0341295A6C8C00CE1E31 /* TimerBundle.swift */,
				44BB0343295A6C8C00CE1E31 /* TimerLiveActivity.swift */,
				44BB0345295A6C8C00CE1E31 /* Timer.swift */,
				44BB0347295A6C8C00CE1E31 /* Timer.intentdefinition */,
				44BB0348295A6C8E00CE1E31 /* Assets.xcassets */,
				44BB034A295A6C8E00CE1E31 /* Info.plist */,
			);
			path = "Timer Activity";
			sourceTree = "<group>";
		};
/* End PBXGroup section */

/* Begin PBXNativeTarget section */
		447BBE3E2947BAEC002D4DCA /* SLPToolbox */ = {
			isa = PBXNativeTarget;
			buildConfigurationList = 447BBE532947BAEF002D4DCA /* Build configuration list for PBXNativeTarget "SLPToolbox" */;
			buildPhases = (
				447BBE3B2947BAEC002D4DCA /* Sources */,
				447BBE3C2947BAEC002D4DCA /* Frameworks */,
				447BBE3D2947BAEC002D4DCA /* Resources */,
				44BB0350295A6C8E00CE1E31 /* Embed Foundation Extensions */,
			);
			buildRules = (
			);
			dependencies = (
				44BB034E295A6C8E00CE1E31 /* PBXTargetDependency */,
			);
			name = SLPToolbox;
			productName = SimpleTx;
			productReference = 447BBE3F2947BAEC002D4DCA /* SLPToolbox.app */;
			productType = "com.apple.product-type.application";
		};
		44BB0339295A6C8C00CE1E31 /* TimerExtension */ = {
			isa = PBXNativeTarget;
			buildConfigurationList = 44BB0353295A6C8E00CE1E31 /* Build configuration list for PBXNativeTarget "TimerExtension" */;
			buildPhases = (
				44BB0336295A6C8C00CE1E31 /* Sources */,
				44BB0337295A6C8C00CE1E31 /* Frameworks */,
				44BB0338295A6C8C00CE1E31 /* Resources */,
			);
			buildRules = (
			);
			dependencies = (
			);
			name = TimerExtension;
			productName = TimerExtension;
			productReference = 44BB033A295A6C8C00CE1E31 /* TimerExtension.appex */;
			productType = "com.apple.product-type.app-extension";
		};
/* End PBXNativeTarget section */

/* Begin PBXProject section */
		447BBE372947BAEC002D4DCA /* Project object */ = {
			isa = PBXProject;
			attributes = {
				BuildIndependentTargetsInParallel = 1;
				LastSwiftUpdateCheck = 1420;
				LastUpgradeCheck = 1410;
				TargetAttributes = {
					447BBE3E2947BAEC002D4DCA = {
						CreatedOnToolsVersion = 14.1;
					};
					44BB0339295A6C8C00CE1E31 = {
						CreatedOnToolsVersion = 14.2;
					};
				};
			};
			buildConfigurationList = 447BBE3A2947BAEC002D4DCA /* Build configuration list for PBXProject "SLPToolbox" */;
			compatibilityVersion = "Xcode 14.0";
			developmentRegion = en;
			hasScannedForEncodings = 0;
			knownRegions = (
				en,
				Base,
			);
			mainGroup = 447BBE362947BAEC002D4DCA;
			productRefGroup = 447BBE402947BAEC002D4DCA /* Products */;
			projectDirPath = "";
			projectRoot = "";
			targets = (
				447BBE3E2947BAEC002D4DCA /* SLPToolbox */,
				44BB0339295A6C8C00CE1E31 /* TimerExtension */,
			);
		};
/* End PBXProject section */

/* Begin PBXResourcesBuildPhase section */
		447BBE3D2947BAEC002D4DCA /* Resources */ = {
			isa = PBXResourcesBuildPhase;
			buildActionMask = 2147483647;
			files = (
				446E6DFE295671D4000CA0A1 /* Colors.xcassets in Resources */,
				447BBE4A2947BAEF002D4DCA /* Preview Assets.xcassets in Resources */,
				447BBE472947BAEF002D4DCA /* Assets.xcassets in Resources */,
			);
			runOnlyForDeploymentPostprocessing = 0;
		};
		44BB0338295A6C8C00CE1E31 /* Resources */ = {
			isa = PBXResourcesBuildPhase;
			buildActionMask = 2147483647;
			files = (
				44BB0349295A6C8E00CE1E31 /* Assets.xcassets in Resources */,
			);
			runOnlyForDeploymentPostprocessing = 0;
		};
/* End PBXResourcesBuildPhase section */

/* Begin PBXSourcesBuildPhase section */
		447BBE3B2947BAEC002D4DCA /* Sources */ = {
			isa = PBXSourcesBuildPhase;
			buildActionMask = 2147483647;
			files = (
				44BB034C295A6C8E00CE1E31 /* Timer.intentdefinition in Sources */,
				446AE4B32954BD0A00878647 /* TimerModel.swift in Sources */,
				446E6E072956BF77000CA0A1 /* AppSettings.swift in Sources */,
				447BBE592947D543002D4DCA /* DataRowCellView.swift in Sources */,
				4465663C29551D1600BA31B0 /* AdaptiveStack.swift in Sources */,
				446E6DFC2956512B000CA0A1 /* GaugeProgressStyle.swift in Sources */,
				446E6E0529569EDE000CA0A1 /* AboutView.swift in Sources */,
				44BB035E2962186400CE1E31 /* StoredCodable.swift in Sources */,
				446E6E0029567305000CA0A1 /* Theming.swift in Sources */,
				446E6E03295677E2000CA0A1 /* SettingsView.swift in Sources */,
				4465663F29552D1D00BA31B0 /* AgeCalculatorView.swift in Sources */,
				446566422955667000BA31B0 /* DateCalculatorView.swift in Sources */,
				447BBE4C2947BAEF002D4DCA /* Persistence.swift in Sources */,
				447BBE452947BAEC002D4DCA /* DataTrackView.swift in Sources */,
				447BBE572947C35F002D4DCA /* HelperExtensions.swift in Sources */,
				443641FE294850C400E03A90 /* RootView.swift in Sources */,
				44BB035C295E970C00CE1E31 /* AppState.swift in Sources */,
				447BBE432947BAEC002D4DCA /* SLPToolboxApp.swift in Sources */,
				446AE4B1295416DC00878647 /* CountdownView.swift in Sources */,
				4420F112294EBDB600719C32 /* TimerView.swift in Sources */,
				447BBE4F2947BAEF002D4DCA /* SLPToolbox.xcdatamodeld in Sources */,
				446AE4AD295113DA00878647 /* CountdownPicker.swift in Sources */,
			);
			runOnlyForDeploymentPostprocessing = 0;
		};
		44BB0336295A6C8C00CE1E31 /* Sources */ = {
			isa = PBXSourcesBuildPhase;
			buildActionMask = 2147483647;
			files = (
				44BB034B295A6C8E00CE1E31 /* Timer.intentdefinition in Sources */,
				44BB0346295A6C8C00CE1E31 /* Timer.swift in Sources */,
				44BB0344295A6C8C00CE1E31 /* TimerLiveActivity.swift in Sources */,
				44BB0342295A6C8C00CE1E31 /* TimerBundle.swift in Sources */,
			);
			runOnlyForDeploymentPostprocessing = 0;
		};
/* End PBXSourcesBuildPhase section */

/* Begin PBXTargetDependency section */
		44BB034E295A6C8E00CE1E31 /* PBXTargetDependency */ = {
			isa = PBXTargetDependency;
			target = 44BB0339295A6C8C00CE1E31 /* TimerExtension */;
			targetProxy = 44BB034D295A6C8E00CE1E31 /* PBXContainerItemProxy */;
		};
/* End PBXTargetDependency section */

/* Begin XCBuildConfiguration section */
		447BBE512947BAEF002D4DCA /* Debug */ = {
			isa = XCBuildConfiguration;
			buildSettings = {
				ALWAYS_SEARCH_USER_PATHS = NO;
				CLANG_ANALYZER_NONNULL = YES;
				CLANG_ANALYZER_NUMBER_OBJECT_CONVERSION = YES_AGGRESSIVE;
				CLANG_CXX_LANGUAGE_STANDARD = "gnu++20";
				CLANG_ENABLE_MODULES = YES;
				CLANG_ENABLE_OBJC_ARC = YES;
				CLANG_ENABLE_OBJC_WEAK = YES;
				CLANG_WARN_BLOCK_CAPTURE_AUTORELEASING = YES;
				CLANG_WARN_BOOL_CONVERSION = YES;
				CLANG_WARN_COMMA = YES;
				CLANG_WARN_CONSTANT_CONVERSION = YES;
				CLANG_WARN_DEPRECATED_OBJC_IMPLEMENTATIONS = YES;
				CLANG_WARN_DIRECT_OBJC_ISA_USAGE = YES_ERROR;
				CLANG_WARN_DOCUMENTATION_COMMENTS = YES;
				CLANG_WARN_EMPTY_BODY = YES;
				CLANG_WARN_ENUM_CONVERSION = YES;
				CLANG_WARN_INFINITE_RECURSION = YES;
				CLANG_WARN_INT_CONVERSION = YES;
				CLANG_WARN_NON_LITERAL_NULL_CONVERSION = YES;
				CLANG_WARN_OBJC_IMPLICIT_RETAIN_SELF = YES;
				CLANG_WARN_OBJC_LITERAL_CONVERSION = YES;
				CLANG_WARN_OBJC_ROOT_CLASS = YES_ERROR;
				CLANG_WARN_QUOTED_INCLUDE_IN_FRAMEWORK_HEADER = YES;
				CLANG_WARN_RANGE_LOOP_ANALYSIS = YES;
				CLANG_WARN_STRICT_PROTOTYPES = YES;
				CLANG_WARN_SUSPICIOUS_MOVE = YES;
				CLANG_WARN_UNGUARDED_AVAILABILITY = YES_AGGRESSIVE;
				CLANG_WARN_UNREACHABLE_CODE = YES;
				CLANG_WARN__DUPLICATE_METHOD_MATCH = YES;
				COPY_PHASE_STRIP = NO;
				DEBUG_INFORMATION_FORMAT = dwarf;
				ENABLE_STRICT_OBJC_MSGSEND = YES;
				ENABLE_TESTABILITY = YES;
				GCC_C_LANGUAGE_STANDARD = gnu11;
				GCC_DYNAMIC_NO_PIC = NO;
				GCC_NO_COMMON_BLOCKS = YES;
				GCC_OPTIMIZATION_LEVEL = 0;
				GCC_PREPROCESSOR_DEFINITIONS = (
					"DEBUG=1",
					"$(inherited)",
				);
				GCC_WARN_64_TO_32_BIT_CONVERSION = YES;
				GCC_WARN_ABOUT_RETURN_TYPE = YES_ERROR;
				GCC_WARN_UNDECLARED_SELECTOR = YES;
				GCC_WARN_UNINITIALIZED_AUTOS = YES_AGGRESSIVE;
				GCC_WARN_UNUSED_FUNCTION = YES;
				GCC_WARN_UNUSED_VARIABLE = YES;
				IPHONEOS_DEPLOYMENT_TARGET = 16.1;
				MTL_ENABLE_DEBUG_INFO = INCLUDE_SOURCE;
				MTL_FAST_MATH = YES;
				ONLY_ACTIVE_ARCH = YES;
				SDKROOT = iphoneos;
				SWIFT_ACTIVE_COMPILATION_CONDITIONS = DEBUG;
				SWIFT_OPTIMIZATION_LEVEL = "-Onone";
			};
			name = Debug;
		};
		447BBE522947BAEF002D4DCA /* Release */ = {
			isa = XCBuildConfiguration;
			buildSettings = {
				ALWAYS_SEARCH_USER_PATHS = NO;
				CLANG_ANALYZER_NONNULL = YES;
				CLANG_ANALYZER_NUMBER_OBJECT_CONVERSION = YES_AGGRESSIVE;
				CLANG_CXX_LANGUAGE_STANDARD = "gnu++20";
				CLANG_ENABLE_MODULES = YES;
				CLANG_ENABLE_OBJC_ARC = YES;
				CLANG_ENABLE_OBJC_WEAK = YES;
				CLANG_WARN_BLOCK_CAPTURE_AUTORELEASING = YES;
				CLANG_WARN_BOOL_CONVERSION = YES;
				CLANG_WARN_COMMA = YES;
				CLANG_WARN_CONSTANT_CONVERSION = YES;
				CLANG_WARN_DEPRECATED_OBJC_IMPLEMENTATIONS = YES;
				CLANG_WARN_DIRECT_OBJC_ISA_USAGE = YES_ERROR;
				CLANG_WARN_DOCUMENTATION_COMMENTS = YES;
				CLANG_WARN_EMPTY_BODY = YES;
				CLANG_WARN_ENUM_CONVERSION = YES;
				CLANG_WARN_INFINITE_RECURSION = YES;
				CLANG_WARN_INT_CONVERSION = YES;
				CLANG_WARN_NON_LITERAL_NULL_CONVERSION = YES;
				CLANG_WARN_OBJC_IMPLICIT_RETAIN_SELF = YES;
				CLANG_WARN_OBJC_LITERAL_CONVERSION = YES;
				CLANG_WARN_OBJC_ROOT_CLASS = YES_ERROR;
				CLANG_WARN_QUOTED_INCLUDE_IN_FRAMEWORK_HEADER = YES;
				CLANG_WARN_RANGE_LOOP_ANALYSIS = YES;
				CLANG_WARN_STRICT_PROTOTYPES = YES;
				CLANG_WARN_SUSPICIOUS_MOVE = YES;
				CLANG_WARN_UNGUARDED_AVAILABILITY = YES_AGGRESSIVE;
				CLANG_WARN_UNREACHABLE_CODE = YES;
				CLANG_WARN__DUPLICATE_METHOD_MATCH = YES;
				COPY_PHASE_STRIP = NO;
				DEBUG_INFORMATION_FORMAT = "dwarf-with-dsym";
				ENABLE_NS_ASSERTIONS = NO;
				ENABLE_STRICT_OBJC_MSGSEND = YES;
				GCC_C_LANGUAGE_STANDARD = gnu11;
				GCC_NO_COMMON_BLOCKS = YES;
				GCC_WARN_64_TO_32_BIT_CONVERSION = YES;
				GCC_WARN_ABOUT_RETURN_TYPE = YES_ERROR;
				GCC_WARN_UNDECLARED_SELECTOR = YES;
				GCC_WARN_UNINITIALIZED_AUTOS = YES_AGGRESSIVE;
				GCC_WARN_UNUSED_FUNCTION = YES;
				GCC_WARN_UNUSED_VARIABLE = YES;
				IPHONEOS_DEPLOYMENT_TARGET = 16.1;
				MTL_ENABLE_DEBUG_INFO = NO;
				MTL_FAST_MATH = YES;
				SDKROOT = iphoneos;
				SWIFT_COMPILATION_MODE = wholemodule;
				SWIFT_OPTIMIZATION_LEVEL = "-O";
				VALIDATE_PRODUCT = YES;
			};
			name = Release;
		};
		447BBE542947BAEF002D4DCA /* Debug */ = {
			isa = XCBuildConfiguration;
			buildSettings = {
				ALWAYS_EMBED_SWIFT_STANDARD_LIBRARIES = YES;
				ASSETCATALOG_COMPILER_APPICON_NAME = AppIcon;
				ASSETCATALOG_COMPILER_GLOBAL_ACCENT_COLOR_NAME = AccentColor;
				CODE_SIGN_ENTITLEMENTS = SLPToolbox/SLPToolbox.entitlements;
				CODE_SIGN_STYLE = Automatic;
				CURRENT_PROJECT_VERSION = 1;
				DEVELOPMENT_ASSET_PATHS = "\"SLPToolbox/Preview Content\"";
				DEVELOPMENT_TEAM = BR8CHTSE9B;
				ENABLE_PREVIEWS = YES;
				GENERATE_INFOPLIST_FILE = YES;
				INFOPLIST_FILE = SLPToolbox/Info.plist;
				INFOPLIST_KEY_CFBundleDisplayName = "SLP Toolbox";
				INFOPLIST_KEY_LSApplicationCategoryType = "public.app-category.utilities";
				INFOPLIST_KEY_NSSupportsLiveActivities = YES;
				INFOPLIST_KEY_UIApplicationSupportsIndirectInputEvents = YES;
				INFOPLIST_KEY_UILaunchScreen_Generation = YES;
				INFOPLIST_KEY_UISupportedInterfaceOrientations_iPad = "UIInterfaceOrientationPortrait UIInterfaceOrientationPortraitUpsideDown UIInterfaceOrientationLandscapeLeft UIInterfaceOrientationLandscapeRight";
				INFOPLIST_KEY_UISupportedInterfaceOrientations_iPhone = "UIInterfaceOrientationPortrait UIInterfaceOrientationLandscapeLeft UIInterfaceOrientationLandscapeRight";
				LD_RUNPATH_SEARCH_PATHS = (
					"$(inherited)",
					"@executable_path/Frameworks",
				);
				MARKETING_VERSION = 1.0;
				PRODUCT_BUNDLE_IDENTIFIER = org.ryangilbert.SLPToolbox;
				PRODUCT_NAME = "$(TARGET_NAME)";
				SWIFT_EMIT_LOC_STRINGS = YES;
				SWIFT_VERSION = 5.0;
				TARGETED_DEVICE_FAMILY = "1,2";
			};
			name = Debug;
		};
		447BBE552947BAEF002D4DCA /* Release */ = {
			isa = XCBuildConfiguration;
			buildSettings = {
				ALWAYS_EMBED_SWIFT_STANDARD_LIBRARIES = YES;
				ASSETCATALOG_COMPILER_APPICON_NAME = AppIcon;
				ASSETCATALOG_COMPILER_GLOBAL_ACCENT_COLOR_NAME = AccentColor;
				CODE_SIGN_ENTITLEMENTS = SLPToolbox/SLPToolbox.entitlements;
				CODE_SIGN_STYLE = Automatic;
				CURRENT_PROJECT_VERSION = 1;
				DEVELOPMENT_ASSET_PATHS = "\"SLPToolbox/Preview Content\"";
				DEVELOPMENT_TEAM = BR8CHTSE9B;
				ENABLE_PREVIEWS = YES;
				GENERATE_INFOPLIST_FILE = YES;
				INFOPLIST_FILE = SLPToolbox/Info.plist;
				INFOPLIST_KEY_CFBundleDisplayName = "SLP Toolbox";
				INFOPLIST_KEY_LSApplicationCategoryType = "public.app-category.utilities";
				INFOPLIST_KEY_NSSupportsLiveActivities = YES;
				INFOPLIST_KEY_UIApplicationSupportsIndirectInputEvents = YES;
				INFOPLIST_KEY_UILaunchScreen_Generation = YES;
				INFOPLIST_KEY_UISupportedInterfaceOrientations_iPad = "UIInterfaceOrientationPortrait UIInterfaceOrientationPortraitUpsideDown UIInterfaceOrientationLandscapeLeft UIInterfaceOrientationLandscapeRight";
				INFOPLIST_KEY_UISupportedInterfaceOrientations_iPhone = "UIInterfaceOrientationPortrait UIInterfaceOrientationLandscapeLeft UIInterfaceOrientationLandscapeRight";
				LD_RUNPATH_SEARCH_PATHS = (
					"$(inherited)",
					"@executable_path/Frameworks",
				);
				MARKETING_VERSION = 1.0;
				PRODUCT_BUNDLE_IDENTIFIER = org.ryangilbert.SLPToolbox;
				PRODUCT_NAME = "$(TARGET_NAME)";
				SWIFT_EMIT_LOC_STRINGS = YES;
				SWIFT_VERSION = 5.0;
				TARGETED_DEVICE_FAMILY = "1,2";
			};
			name = Release;
		};
		44BB0351295A6C8E00CE1E31 /* Debug */ = {
			isa = XCBuildConfiguration;
			buildSettings = {
				ASSETCATALOG_COMPILER_GLOBAL_ACCENT_COLOR_NAME = AccentColor;
				ASSETCATALOG_COMPILER_WIDGET_BACKGROUND_COLOR_NAME = WidgetBackground;
				CODE_SIGN_STYLE = Automatic;
				CURRENT_PROJECT_VERSION = 1;
				DEVELOPMENT_TEAM = BR8CHTSE9B;
				GENERATE_INFOPLIST_FILE = YES;
				INFOPLIST_FILE = "Timer Activity/Info.plist";
				INFOPLIST_KEY_CFBundleDisplayName = Timer;
				INFOPLIST_KEY_NSHumanReadableCopyright = "";
				IPHONEOS_DEPLOYMENT_TARGET = 16.2;
				LD_RUNPATH_SEARCH_PATHS = (
					"$(inherited)",
					"@executable_path/Frameworks",
					"@executable_path/../../Frameworks",
				);
				MARKETING_VERSION = 1.0;
				PRODUCT_BUNDLE_IDENTIFIER = org.ryangilbert.SLPToolbox.Timer;
				PRODUCT_NAME = "$(TARGET_NAME)";
				SKIP_INSTALL = YES;
				SWIFT_EMIT_LOC_STRINGS = YES;
				SWIFT_VERSION = 5.0;
				TARGETED_DEVICE_FAMILY = "1,2";
			};
			name = Debug;
		};
		44BB0352295A6C8E00CE1E31 /* Release */ = {
			isa = XCBuildConfiguration;
			buildSettings = {
				ASSETCATALOG_COMPILER_GLOBAL_ACCENT_COLOR_NAME = AccentColor;
				ASSETCATALOG_COMPILER_WIDGET_BACKGROUND_COLOR_NAME = WidgetBackground;
				CODE_SIGN_STYLE = Automatic;
				CURRENT_PROJECT_VERSION = 1;
				DEVELOPMENT_TEAM = BR8CHTSE9B;
				GENERATE_INFOPLIST_FILE = YES;
				INFOPLIST_FILE = "Timer Activity/Info.plist";
				INFOPLIST_KEY_CFBundleDisplayName = Timer;
				INFOPLIST_KEY_NSHumanReadableCopyright = "";
				IPHONEOS_DEPLOYMENT_TARGET = 16.2;
				LD_RUNPATH_SEARCH_PATHS = (
					"$(inherited)",
					"@executable_path/Frameworks",
					"@executable_path/../../Frameworks",
				);
				MARKETING_VERSION = 1.0;
				PRODUCT_BUNDLE_IDENTIFIER = org.ryangilbert.SLPToolbox.Timer;
				PRODUCT_NAME = "$(TARGET_NAME)";
				SKIP_INSTALL = YES;
				SWIFT_EMIT_LOC_STRINGS = YES;
				SWIFT_VERSION = 5.0;
				TARGETED_DEVICE_FAMILY = "1,2";
			};
			name = Release;
		};
/* End XCBuildConfiguration section */

/* Begin XCConfigurationList section */
		447BBE3A2947BAEC002D4DCA /* Build configuration list for PBXProject "SLPToolbox" */ = {
			isa = XCConfigurationList;
			buildConfigurations = (
				447BBE512947BAEF002D4DCA /* Debug */,
				447BBE522947BAEF002D4DCA /* Release */,
			);
			defaultConfigurationIsVisible = 0;
			defaultConfigurationName = Release;
		};
		447BBE532947BAEF002D4DCA /* Build configuration list for PBXNativeTarget "SLPToolbox" */ = {
			isa = XCConfigurationList;
			buildConfigurations = (
				447BBE542947BAEF002D4DCA /* Debug */,
				447BBE552947BAEF002D4DCA /* Release */,
			);
			defaultConfigurationIsVisible = 0;
			defaultConfigurationName = Release;
		};
		44BB0353295A6C8E00CE1E31 /* Build configuration list for PBXNativeTarget "TimerExtension" */ = {
			isa = XCConfigurationList;
			buildConfigurations = (
				44BB0351295A6C8E00CE1E31 /* Debug */,
				44BB0352295A6C8E00CE1E31 /* Release */,
			);
			defaultConfigurationIsVisible = 0;
			defaultConfigurationName = Release;
		};
/* End XCConfigurationList section */

/* Begin XCVersionGroup section */
		447BBE4D2947BAEF002D4DCA /* SLPToolbox.xcdatamodeld */ = {
			isa = XCVersionGroup;
			children = (
				447BBE4E2947BAEF002D4DCA /* SimpleTx.xcdatamodel */,
			);
			currentVersion = 447BBE4E2947BAEF002D4DCA /* SimpleTx.xcdatamodel */;
			path = SLPToolbox.xcdatamodeld;
			sourceTree = "<group>";
			versionGroupType = wrapper.xcdatamodel;
		};
/* End XCVersionGroup section */
	};
	rootObject = 447BBE372947BAEC002D4DCA /* Project object */;
}
